version = 1
revision = 3
requires-python = ">=3.12"

[[package]]
name = "arrow"
version = "1.2.3"
source = { registry = "https://pypi.org/simple" }
dependencies = [
    { name = "python-dateutil" },
]
sdist = { url = "https://files.pythonhosted.org/packages/7f/c0/c601ea7811f422700ef809f167683899cdfddec5aa3f83597edf97349962/arrow-1.2.3.tar.gz", hash = "sha256:3934b30ca1b9f292376d9db15b19446088d12ec58629bc3f0da28fd55fb633a1", size = 127552, upload-time = "2022-09-03T19:35:32.65Z" }
wheels = [
    { url = "https://files.pythonhosted.org/packages/67/67/4bca5a595e2f89bff271724ddb1098e6c9e16f7f3d018d120255e3c30313/arrow-1.2.3-py3-none-any.whl", hash = "sha256:5a49ab92e3b7b71d96cd6bfcc4df14efefc9dfa96ea19045815914a6ab6b1fe2", size = 66391, upload-time = "2022-09-03T19:35:29.66Z" },
]

[[package]]
name = "basedpyright"
version = "1.39.10"
source = { registry = "https://pypi.org/simple" }
dependencies = [
    { name = "nodejs-wheel-binaries" },
]
sdist = { url = "https://files.pythonhosted.org/packages/68/43/ad2999f3b09eb2b1e59931d88fac0f7bcc9c17fc18c903268779bd10cc97/basedpyright-1.39.10.tar.gz", hash = "sha256:c8eaf5302f3265e275c7df4fba194d7afa7c1cb53fbfd448e90098360aca2c2e", size = 24740347, upload-time = "2026-08-13T17:09:02.51Z" }
wheels = [
    { url = "https://files.pythonhosted.org/packages/be/2a/a224054d75a58786c482f63b8ff2a09fc3362268bd1ebd0a61fb3f982153/basedpyright-1.39.10-py3-none-any.whl", hash = "sha256:cbd75d83c0be841329bcfef2d2f1182f152a6d975b8eb199e75cf5b8e9a3de78", size = 13482322, upload-time = "2026-08-13T17:08:59.074Z" },
]

[[package]]
name = "click"
version = "8.1.3"
source = { registry = "https://pypi.org/simple" }
dependencies = [
    { name = "colorama", marker = "sys_platform == 'win32'" },
]
sdist = { url = "https://files.pythonhosted.org/packages/59/87/84326af34517fca8c58418d148f2403df25303e02736832403587318e9e8/click-8.1.3.tar.gz", hash = "sha256:7682dc8afb30297001674575ea00d1814d808d6a36af415a82bd481d37ba7b8e", size = 331147, upload-time = "2022-04-28T17:36:09.097Z" }
wheels = [
    { url = "https://files.pythonhosted.org/packages/c2/f1/df59e28c642d583f7dacffb1e0965d0e00b218e0186d7858ac5233dce840/click-8.1.3-py3-none-any.whl", hash = "sha256:bb4d8133cb15a609f44e8213d9b391b0809795062913b383c62be0ee95b1db48", size = 96588, upload-time = "2022-04-28T17:36:06.952Z" },
]

[[package]]
name = "colorama"
version = "0.4.6"
source = { registry = "https://pypi.org/simple" }
sdist = { url = "https://files.pythonhosted.org/packages/d8/53/6f443c9a4a8358a93a6792e2acffb9d9d5cb0a5cfd8802644b7b1c9a02e4/colorama-0.4.6.tar.gz", hash = "sha256:08695f5cb7ed6e0531a20572697297273c47b8cae5a63ffc6d6ed5c201be6e44", size = 27697, upload-time = "2022-10-25T02:36:22.414Z" }
wheels = [
    { url = "https://files.pythonhosted.org/packages/d1/d6/3965ed04c63042e047cb6a3e6ed1a63a35087b6a609aa3a15ed8ac56c221/colorama-0.4.6-py2.py3-none-any.whl", hash = "sha256:4f1d9991f5acc0ca119f9d443620b77f9d6b33703e51011c16baf57afb285fc6", size = 25335, upload-time = "2022-10-25T02:36:20.889Z" },
]

[[package]]
name = "gitlint"
version = "0.19.1"
source = { registry = "https://pypi.org/simple" }
dependencies = [
    { name = "gitlint-core", extra = ["trusted-deps"] },
]
sdist = { url = "https://files.pythonhosted.org/packages/95/d2/67e308b3f26394b2e98d2b0df594aa8c116e165d09d15094d45ecade7272/gitlint-0.19.1.tar.gz", hash = "sha256:b5b70fb894e80849b69abbb65ee7dbb3520fc3511f202a6e6b6ddf1a71ee8f61", size = 4799, upload-time = "2023-03-10T12:51:45.875Z" }
wheels = [
    { url = "https://files.pythonhosted.org/packages/84/90/8b6a29ddceb51272a054399d4864eefd28083530349f5735e0bb979c5f0f/gitlint-0.19.1-py3-none-any.whl", hash = "sha256:26bb085959148d99fbbc178b4e56fda6c3edd7646b7c2a24d8ee1f8e036ed85d", size = 2649, upload-time = "2023-03-10T12:51:44.191Z" },
]

[[package]]
name = "gitlint-core"
version = "0.19.1"
source = { registry = "https://pypi.org/simple" }
dependencies = [
    { name = "arrow" },
    { name = "click" },
    { name = "sh", marker = "sys_platform != 'win32'" },
]
sdist = { url = "https://files.pythonhosted.org/packages/73/51/b59270264aabcab5b933f3eb9bfb022464ca9205b04feef1bdc1635fd9b4/gitlint_core-0.19.1.tar.gz", hash = "sha256:7bf977b03ff581624a9e03f65ebb8502cc12dfaa3e92d23e8b2b54bbdaa29992", size = 36141, upload-time = "2023-03-10T12:51:42.713Z" }
wheels = [
    { url = "https://files.pythonhosted.org/packages/b0/57/dea471da24ceac6de8c3dc5d37e4ddde57a5c340d6bac90010898734de34/gitlint_core-0.19.1-py3-none-any.whl", hash = "sha256:f41effd1dcbc06ffbfc56b6888cce72241796f517b46bd9fd4ab1b145056988c", size = 44207, upload-time = "2023-03-10T12:51:41.054Z" },
]

[package.optional-dependencies]
trusted-deps = [
    { name = "arrow" },
    { name = "click" },
    { name = "sh", marker = "sys_platform != 'win32'" },
]

[[package]]
name = "nodejs-wheel-binaries"
version = "24.16.0"
source = { registry = "https://pypi.org/simple" }
sdist = { url = "https://files.pythonhosted.org/packages/a3/22/2a5beb4e21417c73233d9f65cf6f3e96e891b80d2f550a8f630ebc6b88c6/nodejs_wheel_binaries-24.16.0.tar.gz", hash = "sha256:c973cb69dc5fd16e6f6dc6e579e2c3d5534e2a1f57619dddf5ba070efa7dde37", size = 8056, upload-time = "2026-05-30T16:52:09.807Z" }
wheels = [
    { url = "https://files.pythonhosted.org/packages/83/d1/68b43b53cd0fa83ae6fd406705023ca988d9e0ca41c724d82e66fbeb2ef6/nodejs_wheel_binaries-24.16.0-py2.py3-none-macosx_13_0_arm64.whl", hash = "sha256:d9f8f677dcf30e37ac244f07869726abe043f01eb0f45722b1df31cc2af7093c", size = 55666374, upload-time = "2026-05-30T16:51:39.588Z" },
    { url = "https://files.pythonhosted.org/packages/e9/b2/40a989159599080da485de966c4c2d207e852ac7aa7864702626d96c8bf5/nodejs_wheel_binaries-24.16.0-py2.py3-none-macosx_13_0_x86_64.whl", hash = "sha256:3d0370fe7120ce9697a4f60d40480d2bd8808d9f30131458d5afc0040d4e5a51", size = 55838487, upload-time = "2026-05-30T16:51:43.383Z" },
    { url = "https://files.pythonhosted.org/packages/d7/a7/cd42174fb5ff6faff7fa8d326a18914d8f232098ab5de055b57c16fa13ca/nodejs_wheel_binaries-24.16.0-py2.py3-none-manylinux_2_28_aarch64.whl", hash = "sha256:85dc92bbb79c851569c5925dcc2a4c915a034efab375f99e4e7e6bbe9cca8342", size = 60179540, upload-time = "2026-05-30T16:51:47.036Z" },
    { url = "https://files.pythonhosted.org/packages/2b/95/c8a1f9ae140aa28df8744d984d01d4b3af7cdd6555af12127f40ceb45a7d/nodejs_wheel_binaries-24.16.0-py2.py3-none-manylinux_2_28_x86_64.whl", hash = "sha256:2f3036292811514ba847b3708492644764f88a833ac425c5f55007014308ddfd", size = 60716262, upload-time = "2026-05-30T16:51:50.711Z" },
    { url = "https://files.pythonhosted.org/packages/64/c9/7c35b3737f59e36d0249c265397b7bff570519b95301d6e16ea361e904ad/nodejs_wheel_binaries-24.16.0-py2.py3-none-musllinux_1_2_aarch64.whl", hash = "sha256:db8a8a76ebd2b28ecbfc9ad464baa3707241b9e050a30e2efdf6f60c0f886502", size = 62230592, upload-time = "2026-05-30T16:51:55Z" },
    { url = "https://files.pythonhosted.org/packages/04/96/d931255cf9d11a84d6b54d882dba7434646467d568ccf070ea3418638df3/nodejs_wheel_binaries-24.16.0-py2.py3-none-musllinux_1_2_x86_64.whl", hash = "sha256:f1a3d8f7b4491cbbd023ba3fc4e901fcca2d9fb80d57f24ba3890de8b1dbac03", size = 62841759, upload-time = "2026-05-30T16:51:59.407Z" },
    { url = "https://files.pythonhosted.org/packages/a2/7b/8b7a3f41bc255411be30b6d7d288aab8ffd9ea2055db8555ced3548007b9/nodejs_wheel_binaries-24.16.0-py2.py3-none-win_amd64.whl", hash = "sha256:bb136be9944f0662dcf1120f45193a6b75b13fac378971a95cc42c9f879a81aa", size = 42027734, upload-time = "2026-05-30T16:52:03.348Z" },
    { url = "https://files.pythonhosted.org/packages/17/66/1ed71f1f529b8ca727d42c7ceb9db0bef145ce4a13dfc86fb50aa44f3be6/nodejs_wheel_binaries-24.16.0-py2.py3-none-win_arm64.whl", hash = "sha256:8308940b5edd0a50dc5267ea36ba21c9f668e83fe0d9f293937174d3a7e31c36", size = 39714528, upload-time = "2026-05-30T16:52:06.421Z" },
]

[[package]]
name = "prek"
version = "0.4.14"
source = { registry = "https://pypi.org/simple" }
sdist = { url = "https://files.pythonhosted.org/packages/cf/51/135dc6ba2c021ce32b40700c8c337db72d802893e15291f4b3056076582f/prek-0.4.14.tar.gz", hash = "sha256:f6d0952e31ffd6e508660749dd51b8d8de96e955ed12c40e411f3224f502fed2", size = 537668, upload-time = "2026-08-17T04:27:55.031Z" }
wheels = [
    { url = "https://files.pythonhosted.org/packages/9d/75/727724174d419cab6e11e0c22c3fbcdd083312b0a0202dfa6befdb7f1bcb/prek-0.4.14-py3-none-linux_armv6l.whl", hash = "sha256:cf7fe2e07c99948ca3326fbd4254054cf4caa71a69cf9032be09c3938544e1e3", size = 5878406, upload-time = "2026-08-17T04:27:30.135Z" },
    { url = "https://files.pythonhosted.org/packages/34/b6/82dfb41347342b4c53c1ddd27cfa81d3e1cf4ad0d5d76493c51e8da58dc9/prek-0.4.14-py3-none-macosx_10_12_x86_64.whl", hash = "sha256:6c8043aa5555c2ada561f4c69429e5117f370ad92f7d708340613b0965e725bd", size = 6216669, upload-time = "2026-08-17T04:27:31.795Z" },
    { url = "https://files.pythonhosted.org/packages/5b/68/ade0ba8b8c0044a3f7ca1a5cd7c97bc10656398c67466b04235f0f0b7418/prek-0.4.14-py3-none-macosx_11_0_arm64.whl", hash = "sha256:355570f0d8366a56817e55f44edf736ffc9ff2323894e21cd739ab519d343541", size = 5728085, upload-time = "2026-08-17T04:27:33.322Z" },
    { url = "https://files.pythonhosted.org/packages/a0/cc/8ddb67fb000d1ad4c95288e6c7e27989d3c172cd88893e3a6f9cdd7199fb/prek-0.4.14-py3-none-manylinux_2_17_aarch64.manylinux2014_aarch64.musllinux_1_1_aarch64.whl", hash = "sha256:334f48a2b19e63c5ab741e601cb6088caaa11d1b75146900dc298b055452d551", size = 6043650, upload-time = "2026-08-17T04:27:34.699Z" },
    { url = "https://files.pythonhosted.org/packages/5b/49/2780489798147fa1e81fa017af384a40229802cf36680cf72c74478d143c/prek-0.4.14-py3-none-manylinux_2_17_armv7l.manylinux2014_armv7l.whl", hash = "sha256:5fbb17270df2dcb3c1aa6edfaa68f850d7968862413e58b1572e41c981f644f9", size = 5786094, upload-time = "2026-08-17T04:27:36.282Z" },
    { url = "https://files.pythonhosted.org/packages/6a/2a/27a4cdfa767b46663eb32a2b5f78ebaaeefc6e5caa87a21587216a504e31/prek-0.4.14-py3-none-manylinux_2_17_i686.manylinux2014_i686.whl", hash = "sha256:8ec46be0b1b45943a0746fdf69feeede274b0230bad32b11e2489bb600846081", size = 6239874, upload-time = "2026-08-17T04:27:37.984Z" },
    { url = "https://files.pythonhosted.org/packages/e0/ca/5ae58d95bc9dbad75ea13aea83fe0acfaca37d027c6bd7f9f1d1d97f3666/prek-0.4.14-py3-none-manylinux_2_17_s390x.manylinux2014_s390x.whl", hash = "sha256:a21eea6ee996dbba351c1af8c6bd1959a61c37949757c0b97aef3edde82c126a", size = 6968009, upload-time = "2026-08-17T04:27:39.48Z" },
    { url = "https://files.pythonhosted.org/packages/bb/1c/c6a7800406f987559fc8e7c2cfd257a5a68096e806e953f143b488e00e4f/prek-0.4.14-py3-none-manylinux_2_17_x86_64.manylinux2014_x86_64.whl", hash = "sha256:34169cb1c8dfbe4b9cb7af164f5c1c3dff68929c61ca1e1de28d378b32720836", size = 6443370, upload-time = "2026-08-17T04:27:41.181Z" },
    { url = "https://files.pythonhosted.org/packages/92/38/4bf84223216ce2d31b500691d1644a9f35d6e468cb8ecb9a7dfbc66bc82c/prek-0.4.14-py3-none-manylinux_2_28_aarch64.whl", hash = "sha256:e39772ebf579f957fdbbc66ef6a7f7433bf603128cd60d5c804c70caac5f69c0", size = 6056449, upload-time = "2026-08-17T04:27:42.722Z" },
    { url = "https://files.pythonhosted.org/packages/75/0a/f1980039ab7bf8342c4aa4da2a4cafe40e6a840f456d5bbf86ba024fcdca/prek-0.4.14-py3-none-manylinux_2_31_riscv64.whl", hash = "sha256:a79e5940354a789e1311172a960c5daa75e3f643a47ee2be85b7d2ca1d7d980a", size = 5839941, upload-time = "2026-08-17T04:27:44.306Z" },
    { url = "https://files.pythonhosted.org/packages/f1/e2/67f067dcb912e157bc7f4cd2aeb422a0de65e7744c675d7f439676f6c832/prek-0.4.14-py3-none-musllinux_1_1_armv7l.whl", hash = "sha256:60b6539c1b28804807849173a6b49d467f6f36ca98bbb4536f5e34114d79942a", size = 5762723, upload-time = "2026-08-17T04:27:45.737Z" },
    { url = "https://files.pythonhosted.org/packages/84/39/6669fff5c3336a2b79cf853c86b95547cf9be720a2ee7e4ae5eaa6cb46a1/prek-0.4.14-py3-none-musllinux_1_1_i686.whl", hash = "sha256:24cfabd9e5b8c5546ecaef562841a41a255a9dec1b7ae7761ce5a7a024ab9dd9", size = 6090040, upload-time = "2026-08-17T04:27:47.185Z" },
    { url = "https://files.pythonhosted.org/packages/2a/23/c23210be4c89795a854e76146c2465aaffc3d85ea83df61c1d4d5bb41bca/prek-0.4.14-py3-none-musllinux_1_1_x86_64.whl", hash = "sha256:1f08d368da45439f949885bb0b637bc7dfe6910140d5285fa8bae058697ddd06", size = 6570273, upload-time = "2026-08-17T04:27:48.673Z" },
    { url = "https://files.pythonhosted.org/packages/00/9c/4f10728ed36295347e84f01bb3e4c9078c9e337edc66215f5e2066b30551/prek-0.4.14-py3-none-win32.whl", hash = "sha256:5bfb30808ce2099c67d2a2d4cd68dc031e3fec1eeb61d73ef51a8f7c04d021cb", size = 5586715, upload-time = "2026-08-17T04:27:50.471Z" },
    { url = "https://files.pythonhosted.org/packages/4f/a7/d080a157d4e92927f7618d62d6a23979ef64a10c76a040cb8a8a194c50d7/prek-0.4.14-py3-none-win_amd64.whl", hash = "sha256:29364012d5704475d1092eb8a96ea30b163279096ad5e0c80a620fffa79bc639", size = 5969946, upload-time = "2026-08-17T04:27:51.971Z" },
    { url = "https://files.pythonhosted.org/packages/37/e1/6fc64bb82e7270f61707e00b6d3154a4592ae0b2d3bd308173aa7aabe0a1/prek-0.4.14-py3-none-win_arm64.whl", hash = "sha256:ff588c02e10c8d05150763607671a22d5585c0ff7036c884d3489c2726eb215c", size = 5729906, upload-time = "2026-08-17T04:27:53.52Z" },
]

[[package]]
name = "python-dateutil"
version = "2.9.0.post0"
source = { registry = "https://pypi.org/simple" }
dependencies = [
    { name = "six" },
]
sdist = { url = "https://files.pythonhosted.org/packages/66/c0/0c8b6ad9f17a802ee498c46e004a0eb49bc148f2fd230864601a86dcf6db/python-dateutil-2.9.0.post0.tar.gz", hash = "sha256:37dd54208da7e1cd875388217d5e00ebd4179249f90fb72437e91a35459a0ad3", size = 342432, upload-time = "2024-03-01T18:36:20.211Z" }
wheels = [
    { url = "https://files.pythonhosted.org/packages/ec/57/56b9bcc3c9c6a792fcbaf139543cee77261f3651ca9da0c93f5c1221264b/python_dateutil-2.9.0.post0-py2.py3-none-any.whl", hash = "sha256:a8b2bc7bffae282281c8140a97d3aa9c14da0b136dfe83f850eea9a5f7470427", size = 229892, upload-time = "2024-03-01T18:36:18.57Z" },
]

[[package]]
name = "python-template"
version = "0.1.0"
source = { virtual = "." }

[package.dev-dependencies]
dev = [
    { name = "basedpyright" },
    { name = "gitlint" },
    { name = "prek" },
    { name = "ruff" },
]

[package.metadata]

[package.metadata.requires-dev]
dev = [
    { name = "basedpyright", specifier = ">=1.39.10" },
    { name = "gitlint", specifier = ">=0.19.1" },
    { name = "prek", specifier = ">=0.4.14" },
    { name = "ruff", specifier = ">=0.16.3" },
]

[[package]]
name = "ruff"
version = "0.16.3"
source = { registry = "https://pypi.org/simple" }
sdist = { url = "https://files.pythonhosted.org/packages/61/b3/3213589383f8f1b3938781bd1278713f6d18621a14992b3e81fefb8a5ef9/ruff-0.16.3.tar.gz", hash = "sha256:e76d33a347661a84b5be6d043d0347fdc745dfdcf825a8f4fed64b5e26eebdf2", size = 4891904, upload-time = "2026-08-13T15:17:13.381Z" }
wheels = [
    { url = "https://files.pythonhosted.org/packages/bf/96/493770daebd68c0a67f1549fdf519f53be51fc435186c0585bcc272fd76c/ruff-0.16.3-py3-none-linux_armv6l.whl", hash = "sha256:0c5710e247a58a4521e66e124ba9a74655b414f61ba3a2e9e3811e11098f48f7", size = 10902799, upload-time = "2026-08-13T15:16:27.382Z" },
    { url = "https://files.pythonhosted.org/packages/5e/e6/2becf3942fddc29a29b8df47691d456fb1085391a694f74d84513251418c/ruff-0.16.3-py3-none-macosx_10_12_x86_64.whl", hash = "sha256:fe155130631a2471fd2e14a7a664a4dfbd7194b8229c3d7b2a40b21178639081", size = 11135539, upload-time = "2026-08-13T15:16:30.87Z" },
    { url = "https://files.pythonhosted.org/packages/3e/1e/4b8b72f0d006dbf19326aa99f9ca0ee2ff374187c4d301cf529a51aa06fe/ruff-0.16.3-py3-none-macosx_11_0_arm64.whl", hash = "sha256:e2ed719e14aa64d895c2ee922594a90a43c861a93f0575a95ff8c47cdbd13eb9", size = 10475095, upload-time = "2026-08-13T15:16:33.259Z" },
    { url = "https://files.pythonhosted.org/packages/92/32/2201fa49ba1f6c101ee321e83f051ac7a4b8d07b0ef6b4d3f2772b302275/ruff-0.16.3-py3-none-manylinux_2_17_aarch64.manylinux2014_aarch64.whl", hash = "sha256:9e0b1da805eb043654645d74d5de1e5ce2edc686e40790d2b86f56d71cc06a84", size = 10668771, upload-time = "2026-08-13T15:16:35.65Z" },
    { url = "https://files.pythonhosted.org/packages/c3/66/4afc5c8363bd04d45effce1b7c8713ca037d7a6740b7451a2403a6e3a972/ruff-0.16.3-py3-none-manylinux_2_17_armv7l.manylinux2014_armv7l.whl", hash = "sha256:a37bdea0bbe21780f590bf437d6412c8c4e1b6cd010f91a65c2c40c5e5f5f870", size = 10699568, upload-time = "2026-08-13T15:16:38.195Z" },
    { url = "https://files.pythonhosted.org/packages/53/fd/c67d246bf36bf1698551c56de39e95cd07f70e64433e0098e6267d77061b/ruff-0.16.3-py3-none-manylinux_2_17_i686.manylinux2014_i686.whl", hash = "sha256:09571e6d1288ed9be475207a3ac04ada404f1cd898104be0f6ab8d7df438575b", size = 11499365, upload-time = "2026-08-13T15:16:40.623Z" },
    { url = "https://files.pythonhosted.org/packages/67/0b/00ecbceb99a263af7b12f6f05ac3c92bc47b905e91adc3f207a836e3bc01/ruff-0.16.3-py3-none-manylinux_2_17_ppc64le.manylinux2014_ppc64le.whl", hash = "sha256:2c18c5a101eb540010638cc1ff3c84944d3adb3df62b8d98ca8f22ba484d3413", size = 12311728, upload-time = "2026-08-13T15:16:43.564Z" },
    { url = "https://files.pythonhosted.org/packages/54/b2/b7b3bb54f4d3f7db504e476ad4ab8de530dceebe2c061384b2757ee419e8/ruff-0.16.3-py3-none-manylinux_2_17_s390x.manylinux2014_s390x.whl", hash = "sha256:8457c44f15033c85ddbb77b15d451df9e24e4bd03b628396dd3610cedc3b8f82", size = 11699896, upload-time = "2026-08-13T15:16:46.209Z" },
    { url = "https://files.pythonhosted.org/packages/c7/30/4c468429ac195addc5ee1b717b6ab1b66632786737ca3b2ed3443fb0c26a/ruff-0.16.3-py3-none-manylinux_2_17_x86_64.manylinux2014_x86_64.whl", hash = "sha256:294b95c4ae0cda9388525c2047778aa758d6b8d4bb876fd4e9eaa3ebc92343eb", size = 11058736, upload-time = "2026-08-13T15:16:48.823Z" },
    { url = "https://files.pythonhosted.org/packages/43/67/7a113cdaddf24b64d7f75b1242a99d04c82fcef4f6921fdbb832beaffb5f/ruff-0.16.3-py3-none-manylinux_2_31_riscv64.whl", hash = "sha256:3d0c7c40c87c2a820509c31ba007968da6e1306468c067b2d82fbfdbcd0e8474", size = 11586911, upload-time = "2026-08-13T15:16:51.913Z" },
    { url = "https://files.pythonhosted.org/packages/f1/c1/2e66f24c0f3ead25a5e660111778685e505e5da353c82802bf49f0cbe7b9/ruff-0.16.3-py3-none-musllinux_1_2_aarch64.whl", hash = "sha256:9f738c0fdfa8eed0b2ce7fb27ee7258208a92a68d7949e62aa15164bc7b389da", size = 10954265, upload-time = "2026-08-13T15:16:54.763Z" },
    { url = "https://files.pythonhosted.org/packages/c2/ba/4cee23bf52cba9a058d3726de623624daf50ef9638868edd86f4126157f6/ruff-0.16.3-py3-none-musllinux_1_2_armv7l.whl", hash = "sha256:fb785f0be25abe69d320415cd4f833b59e17ba7613d9ba6a958023b6bceb0a50", size = 10709886, upload-time = "2026-08-13T15:16:57.339Z" },
    { url = "https://files.pythonhosted.org/packages/82/df/7da7194fa5d9dc0a285f7e6fa5a4722e7c63faac0b45b614ded9314363a1/ruff-0.16.3-py3-none-musllinux_1_2_i686.whl", hash = "sha256:c5536e3acfbf9563085aa2be7b13c629c3077e902afc5b941ac44024dbb9f506", size = 11210392, upload-time = "2026-08-13T15:17:00.171Z" },
    { url = "https://files.pythonhosted.org/packages/35/85/7795f6e817af050e7517bf3e7aa9b061cce70ef33d280aad902c956c1ecf/ruff-0.16.3-py3-none-musllinux_1_2_x86_64.whl", hash = "sha256:a2d85c02f9b8e165d85e6779184d38c4132de12603dab59c51c28e22584f9e4d", size = 11626910, upload-time = "2026-08-13T15:17:03.299Z" },
    { url = "https://files.pythonhosted.org/packages/78/9b/475b927cf27a5cbbda3c7bafb69ed6ff77e1d7923d5d85f17c2749d7ae32/ruff-0.16.3-py3-none-win32.whl", hash = "sha256:388cdf2166642bd9b13d52b5932d3170f34f8abed7e8d9a855f1d84b83645a0a", size = 10931415, upload-time = "2026-08-13T15:17:05.726Z" },
    { url = "https://files.pythonhosted.org/packages/b2/99/e2a2bfc4fbf0a1e8a916bc9ebe6fe6c58cc34c28e0ffc6ce281d572d1c2e/ruff-0.16.3-py3-none-win_amd64.whl", hash = "sha256:e80a7d69ca2a6d1c4d352ec91458cdca6e56c83cdbcabd93e4abe1e53591d948", size = 11445993, upload-time = "2026-08-13T15:17:08.353Z" },
    { url = "https://files.pythonhosted.org/packages/69/3e/4132e539aed78c148854d4997a2685b0ed4dc4e87110b59ce528564e184e/ruff-0.16.3-py3-none-win_arm64.whl", hash = "sha256:b8ca152da82c1acc1fa8d5874b15951935f0eef46f10e6954c83859011b6178a", size = 11399302, upload-time = "2026-08-13T15:17:10.908Z" },
]

[[package]]
name = "sh"
version = "1.14.3"
source = { registry = "https://pypi.org/simple" }
sdist = { url = "https://files.pythonhosted.org/packages/b7/09/89c28aaf2a49f226fef8587c90c6386bd2cc03a0295bc4ff7fc6ee43c01d/sh-1.14.3.tar.gz", hash = "sha256:e4045b6c732d9ce75d571c79f5ac2234edd9ae4f5fa9d59b09705082bdca18c7", size = 62851, upload-time = "2022-07-18T07:17:50.947Z" }

[[package]]
name = "six"
version = "1.17.0"
source = { registry = "https://pypi.org/simple" }
sdist = { url = "https://files.pythonhosted.org/packages/94/e7/b2c673351809dca68a0e064b6af791aa332cf192da575fd474ed7d6f16a2/six-1.17.0.tar.gz", hash = "sha256:ff70335d468e7eb6ec65b95b99d3a2836546063f63acc5171de367e834932a81", size = 34031, upload-time = "2024-12-04T17:35:28.174Z" }
wheels = [
    { url = "https://files.pythonhosted.org/packages/b7/ce/149a00dd41f10bc29e5921b496af8b574d8413afcd5e30dfa0ed46c2cc5e/six-1.17.0-py2.py3-none-any.whl", hash = "sha256:4721f391ed90541fddacab5acf947aa0d3dc7d27b2e1e8eda2be8970586c3274", size = 11050, upload-time = "2024-12-04T17:35:26.475Z" },
]
